dependencies:
- name: mongodb
  repository: https://kubernetes-charts.storage.googleapis.com/
  version: 6.1.1
- name: redis
  repository: https://kubernetes-charts.storage.googleapis.com/
  version: 8.1.2
- name: postgresql
  repository: https://kubernetes-charts.storage.googleapis.com/
  version: 6.5.4
digest: sha256:f25fdef1b2bf616befabdd4bdf8b714f8a03311e6af423269807f4853a855da0
generated: "2019-11-13T16:34:28.858399327+01:00"
